
Microsoft Visual Studio Solution File, Format Version 12.00
# Visual Studio Version 16
VisualStudioVersion = 16.0.29911.84
MinimumVisualStudioVersion = 10.0.40219.1
Project("{FAE04EC0-301F-11D3-BF4B-00C04F79EFBC}") = "OnlineShoppingMall", "OnlineShoppingMall.csproj", "{96A3EC62-BF09-419A-824D-0EA8A2FBA15A}"
EndProject
Global
	GlobalSection(SolutionConfigurationPlatforms) = preSolution
		Debug|Any CPU = Debug|Any CPU
		Release|Any CPU = Release|Any CPU
	EndGlobalSection
	GlobalSection(ProjectConfigurationPlatforms) = postSolution
		{96A3EC62-BF09-419A-824D-0EA8A2FBA15A}.Debug|Any CPU.ActiveCfg = Debug|Any CPU
		{96A3EC62-BF09-419A-824D-0EA8A2FBA15A}.Debug|Any CPU.Build.0 = Debug|Any CPU
		{96A3EC62-BF09-419A-824D-0EA8A2FBA15A}.Release|Any CPU.ActiveCfg = Release|Any CPU
		{96A3EC62-BF09-419A-824D-0EA8A2FBA15A}.Release|Any CPU.Build.0 = Release|Any CPU
	EndGlobalSection
	GlobalSection(SolutionProperties) = preSolution
		HideSolutionNode = FALSE
	EndGlobalSection
	GlobalSection(ExtensibilityGlobals) = postSolution
		SolutionGuid = {E71FB892-46B6-4492-A1A7-AE6FE7BB2228}
	EndGlobalSection
EndGlobal
